PODS:
  - WDZMapManager (0.1.2):
    - WDZMapManager/WDZLocationKit (= 0.1.2)
  - WDZMapManager/WDZLocationKit (0.1.2)

DEPENDENCIES:
  - WDZMapManager (from `../`)

EXTERNAL SOURCES:
  WDZMapManager:
    :path: "../"

SPEC CHECKSUMS:
  WDZMapManager: 860d4fa014b8caeff81b2f3cd5975f7949c19716

PODFILE CHECKSUM: d2c30740f5afdb36e476c0bd251cfb9743670c03

COCOAPODS: 1.7.0.beta.3
